// !$*UTF8*$!
{
	archiveVersion = 1;
	classes = {
	};
	objectVersion = 46;
	objects = {

/* Begin PBXBuildFile section */
		5CB4F34F1CED09D8006BA250 /* AppDelegate.swift in Sources */ = {isa = PBXBuildFile; fileRef = 5CB4F34E1CED09D8006BA250 /* AppDelegate.swift */; };
		5CB4F3511CED09D8006BA250 /* ViewController.swift in Sources */ = {isa = PBXBuildFile; fileRef = 5CB4F3501CED09D8006BA250 /* ViewController.swift */; };
		5CB4F3541CED09D8006BA250 /* Main.storyboard in Resources */ = {isa = PBXBuildFile; fileRef = 5CB4F3521CED09D8006BA250 /* Main.storyboard */; };
		5CB4F3561CED09D8006BA250 /* Assets.xcassets in Resources */ = {isa = PBXBuildFile; fileRef = 5CB4F3551CED09D8006BA250 /* Assets.xcassets */; };
		5CB4F3591CED09D8006BA250 /* LaunchScreen.storyboard in Resources */ = {isa = PBXBuildFile; fileRef = 5CB4F3571CED09D8006BA250 /* LaunchScreen.storyboard */; };
/* End PBXBuildFile section */

/* Begin PBXFileReference section */
		5CB4F34B1CED09D8006BA250 /* What's Da Temp.app */ = {isa = PBXFileReference; explicitFileType = wrapper.application; includeInIndex = 0; path = "What's Da Temp.app"; sourceTree = BUILT_PRODUCTS_DIR; };
		5CB4F34E1CED09D8006BA250 /* AppDelegate.swift */ = {isa = PBXFileReference; lastKnownFileType = sourcecode.swift; path = AppDelegate.swift; sourceTree = "<group>"; };
		5CB4F3501CED09D8006BA250 /* ViewController.swift */ = {isa = PBXFileReference; lastKnownFileType = sourcecode.swift; path = ViewController.swift; sourceTree = "<group>"; };
		5CB4F3531CED09D8006BA250 /* Base */ = {isa = PBXFileReference; lastKnownFileType = file.storyboard; name = Base; path = Base.lproj/Main.storyboard; sourceTree = "<group>"; };
		5CB4F3551CED09D8006BA250 /* Assets.xcassets */ = {isa = PBXFileReference; lastKnownFileType = folder.assetcatalog; path = Assets.xcassets; sourceTree = "<group>"; };
		5CB4F3581CED09D8006BA250 /* Base */ = {isa = PBXFileReference; lastKnownFileType = file.storyboard; name = Base; path = Base.lproj/LaunchScreen.storyboard; sourceTree = "<group>"; };
		5CB4F35A1CED09D8006BA250 /* Info.plist */ = {isa = PBXFileReference; lastKnownFileType = text.plist.xml; path = Info.plist; sourceTree = "<group>"; };
/* End PBXFileReference section */

/* Begin PBXFrameworksBuildPhase section */
		5CB4F3481CED09D8006BA250 /* Frameworks */ = {
			isa = PBXFrameworksBuildPhase;
			buildActionMask = 2147483647;
			files = (
			);
			runOnlyForDeploymentPostprocessing = 0;
		};
/* End PBXFrameworksBuildPhase section */

/* Begin PBXGroup section */
		5CB4F3421CED09D8006BA250 = {
			isa = PBXGroup;
			children = (
				5CB4F34D1CED09D8006BA250 /* What's Da Temp */,
				5CB4F34C1CED09D8006BA250 /* Products */,
			);
			sourceTree = "<group>";
		};
		5CB4F34C1CED09D8006BA250 /* Products */ = {
			isa = PBXGroup;
			children = (
				5CB4F34B1CED09D8006BA250 /* What's Da Temp.app */,
			);
			name = Products;
			sourceTree = "<group>";
		};
		5CB4F34D1CED09D8006BA250 /* What's Da Temp */ = {
			isa = PBXGroup;
			children = (
				5CB4F34E1CED09D8006BA250 /* AppDelegate.swift */,
				5CB4F3501CED09D8006BA250 /* ViewController.swift */,
				5CB4F3521CED09D8006BA250 /* Main.storyboard */,
				5CB4F3551CED09D8006BA250 /* Assets.xcassets */,
				5CB4F3571CED09D8006BA250 /* LaunchScreen.storyboard */,
				5CB4F35A1CED09D8006BA250 /* Info.plist */,
			);
			path = "What's Da Temp";
			sourceTree = "<group>";
		};
/* End PBXGroup section */

/* Begin PBXNativeTarget section */
		5CB4F34A1CED09D8006BA250 /* What's Da Temp */ = {
			isa = PBXNativeTarget;
			buildConfigurationList = 5CB4F35D1CED09D8006BA250 /* Build configuration list for PBXNativeTarget "What's Da Temp" */;
			buildPhases = (
				5CB4F3471CED09D8006BA250 /* Sources */,
				5CB4F3481CED09D8006BA250 /* Frameworks */,
				5CB4F3491CED09D8006BA250 /* Resources */,
			);
			buildRules = (
			);
			dependencies = (
			);
			name = "What's Da Temp";
			productName = "What's Da Temp";
			productReference = 5CB4F34B1CED09D8006BA250 /* What's Da Temp.app */;
			productType = "com.apple.product-type.application";
		};
/* End PBXNativeTarget section */

/* Begin PBXProject section */
		5CB4F3431CED09D8006BA250 /* Project object */ = {
			isa = PBXProject;
			attributes = {
				LastSwiftUpdateCheck = 0730;
				LastUpgradeCheck = 0730;
				ORGANIZATIONNAME = beachambilak;
				TargetAttributes = {
					5CB4F34A1CED09D8006BA250 = {
						CreatedOnToolsVersion = 7.3;
					};
				};
			};
			buildConfigurationList = 5CB4F3461CED09D8006BA250 /* Build configuration list for PBXProject "What's Da Temp" */;
			compatibilityVersion = "Xcode 3.2";
			developmentRegion = English;
			hasScannedForEncodings = 0;
			knownRegions = (
				en,
				Base,
			);
			mainGroup = 5CB4F3421CED09D8006BA250;
			productRefGroup = 5CB4F34C1CED09D8006BA250 /* Products */;
			projectDirPath = "";
			projectRoot = "";
			targets = (
				5CB4F34A1CED09D8006BA250 /* What's Da Temp */,
			);
		};
/* End PBXProject section */

/* Begin PBXResourcesBuildPhase section */
		5CB4F3491CED09D8006BA250 /* Resources */ = {
			isa = PBXResourcesBuildPhase;
			buildActionMask = 2147483647;
			files = (
				5CB4F3591CED09D8006BA250 /* LaunchScreen.storyboard in Resources */,
				5CB4F3561CED09D8006BA250 /* Assets.xcassets in Resources */,
				5CB4F3541CED09D8006BA250 /* Main.storyboard in Resources */,
			);
			runOnlyForDeploymentPostprocessing = 0;
		};
/* End PBXResourcesBuildPhase section */

/* Begin PBXSourcesBuildPhase section */
		5CB4F3471CED09D8006BA250 /* Sources */ = {
			isa = PBXSourcesBuildPhase;
			buildActionMask = 2147483647;
			files = (
				5CB4F3511CED09D8006BA250 /* ViewController.swift in Sources */,
				5CB4F34F1CED09D8006BA250 /* AppDelegate.swift in Sources */,
			);
			runOnlyForDeploymentPostprocessing = 0;
		};
/* End PBXSourcesBuildPhase section */

/* Begin PBXVariantGroup section */
		5CB4F3521CED09D8006BA250 /* Main.storyboard */ = {
			isa = PBXVariantGroup;
			children = (
				5CB4F3531CED09D8006BA250 /* Base */,
			);
			name = Main.storyboard;
			sourceTree = "<group>";
		};
		5CB4F3571CED09D8006BA250 /* LaunchScreen.storyboard */ = {
			isa = PBXVariantGroup;
			children = (
				5CB4F3581CED09D8006BA250 /* Base */,
			);
			name = LaunchScreen.storyboard;
			sourceTree = "<group>";
		};
/* End PBXVariantGroup section */

/* Begin XCBuildConfiguration section */
		5CB4F35B1CED09D8006BA250 /* Debug */ = {
			isa = XCBuildConfiguration;
			buildSettings = {
				ALWAYS_SEARCH_USER_PATHS = NO;
				CLANG_ANALYZER_NONNULL = YES;
				CLANG_CXX_LANGUAGE_STANDARD = "gnu++0x";
				CLANG_CXX_LIBRARY = "libc++";
				CLANG_ENABLE_MODULES = YES;
				CLANG_ENABLE_OBJC_ARC = YES;
				CLANG_WARN_BOOL_CONVERSION = YES;
				CLANG_WARN_CONSTANT_CONVERSION = YES;
				CLANG_WARN_DIRECT_OBJC_ISA_USAGE = YES_ERROR;
				CLANG_WARN_EMPTY_BODY = YES;
				CLANG_WARN_ENUM_CONVERSION = YES;
				CLANG_WARN_INT_CONVERSION = YES;
				CLANG_WARN_OBJC_ROOT_CLASS = YES_ERROR;
				CLANG_WARN_UNREACHABLE_CODE = YES;
				CLANG_WARN__DUPLICATE_METHOD_MATCH = YES;
				"CODE_SIGN_IDENTITY[sdk=iphoneos*]" = "iPhone Developer";
				COPY_PHASE_STRIP = NO;
				DEBUG_INFORMATION_FORMAT = dwarf;
				ENABLE_STRICT_OBJC_MSGSEND = YES;
				ENABLE_TESTABILITY = YES;
				GCC_C_LANGUAGE_STANDARD = gnu99;
				GCC_DYNAMIC_NO_PIC = NO;
				GCC_NO_COMMON_BLOCKS = YES;
				GCC_OPTIMIZATION_LEVEL = 0;
				GCC_PREPROCESSOR_DEFINITIONS = (
					"DEBUG=1",
					"$(inherited)",
				);
				GCC_WARN_64_TO_32_BIT_CONVERSION = YES;
				GCC_WARN_ABOUT_RETURN_TYPE = YES_ERROR;
				GCC_WARN_UNDECLARED_SELECTOR = YES;
				GCC_WARN_UNINITIALIZED_AUTOS = YES_AGGRESSIVE;
				GCC_WARN_UNUSED_FUNCTION = YES;
				GCC_WARN_UNUSED_VARIABLE = YES;
				IPHONEOS_DEPLOYMENT_TARGET = 9.3;
				MTL_ENABLE_DEBUG_INFO = YES;
				ONLY_ACTIVE_ARCH = YES;
				SDKROOT = iphoneos;
				SWIFT_OPTIMIZATION_LEVEL = "-Onone";
			};
			name = Debug;
		};
		5CB4F35C1CED09D8006BA250 /* Release */ = {
			isa = XCBuildConfiguration;
			buildSettings = {
				ALWAYS_SEARCH_USER_PATHS = NO;
				CLANG_ANALYZER_NONNULL = YES;
				CLANG_CXX_LANGUAGE_STANDARD = "gnu++0x";
				CLANG_CXX_LIBRARY = "libc++";
				CLANG_ENABLE_MODULES = YES;
				CLANG_ENABLE_OBJC_ARC = YES;
				CLANG_WARN_BOOL_CONVERSION = YES;
				CLANG_WARN_CONSTANT_CONVERSION = YES;
				CLANG_WARN_DIRECT_OBJC_ISA_USAGE = YES_ERROR;
				CLANG_WARN_EMPTY_BODY = YES;
				CLANG_WARN_ENUM_CONVERSION = YES;
				CLANG_WARN_INT_CONVERSION = YES;
				CLANG_WARN_OBJC_ROOT_CLASS = YES_ERROR;
				CLANG_WARN_UNREACHABLE_CODE = YES;
				CLANG_WARN__DUPLICATE_METHOD_MATCH = YES;
				"CODE_SIGN_IDENTITY[sdk=iphoneos*]" = "iPhone Developer";
				COPY_PHASE_STRIP = NO;
				DEBUG_INFORMATION_FORMAT = "dwarf-with-dsym";
				ENABLE_NS_ASSERTIONS = NO;
				ENABLE_STRICT_OBJC_MSGSEND = YES;
				GCC_C_LANGUAGE_STANDARD = gnu99;
				GCC_NO_COMMON_BLOCKS = YES;
				GCC_WARN_64_TO_32_BIT_CONVERSION = YES;
				GCC_WARN_ABOUT_RETURN_TYPE = YES_ERROR;
				GCC_WARN_UNDECLARED_SELECTOR = YES;
				GCC_WARN_UNINITIALIZED_AUTOS = YES_AGGRESSIVE;
				GCC_WARN_UNUSED_FUNCTION = YES;
				GCC_WARN_UNUSED_VARIABLE = YES;
				IPHONEOS_DEPLOYMENT_TARGET = 9.3;
				MTL_ENABLE_DEBUG_INFO = NO;
				SDKROOT = iphoneos;
				VALIDATE_PRODUCT = YES;
			};
			name = Release;
		};
		5CB4F35E1CED09D8006BA250 /* Debug */ = {
			isa = XCBuildConfiguration;
			buildSettings = {
				ASSETCATALOG_COMPILER_APPICON_NAME = AppIcon;
				INFOPLIST_FILE = "What's Da Temp/Info.plist";
				LD_RUNPATH_SEARCH_PATHS = "$(inherited) @executable_path/Frameworks";
				PRODUCT_BUNDLE_IDENTIFIER = "com.inturnapp.What-s-Da-Temp";
				PRODUCT_NAME = "$(TARGET_NAME)";
			};
			name = Debug;
		};
		5CB4F35F1CED09D8006BA250 /* Release */ = {
			isa = XCBuildConfiguration;
			buildSettings = {
				ASSETCATALOG_COMPILER_APPICON_NAME = AppIcon;
				INFOPLIST_FILE = "What's Da Temp/Info.plist";
				LD_RUNPATH_SEARCH_PATHS = "$(inherited) @executable_path/Frameworks";
				PRODUCT_BUNDLE_IDENTIFIER = "com.inturnapp.What-s-Da-Temp";
				PRODUCT_NAME = "$(TARGET_NAME)";
			};
			name = Release;
		};
/* End XCBuildConfiguration section */

/* Begin XCConfigurationList section */
		5CB4F3461CED09D8006BA250 /* Build configuration list for PBXProject "What's Da Temp" */ = {
			isa = XCConfigurationList;
			buildConfigurations = (
				5CB4F35B1CED09D8006BA250 /* Debug */,
				5CB4F35C1CED09D8006BA250 /* Release */,
			);
			defaultConfigurationIsVisible = 0;
			defaultConfigurationName = Release;
		};
		5CB4F35D1CED09D8006BA250 /* Build configuration list for PBXNativeTarget "What's Da Temp" */ = {
			isa = XCConfigurationList;
			buildConfigurations = (
				5CB4F35E1CED09D8006BA250 /* Debug */,
				5CB4F35F1CED09D8006BA250 /* Release */,
			);
			defaultConfigurationIsVisible = 0;
		};
/* End XCConfigurationList section */
	};
	rootObject = 5CB4F3431CED09D8006BA250 /* Project object */;
}
